
Microsoft Visual Studio Solution File, Format Version 12.00
# Visual Studio Version 17
VisualStudioVersion = 17.8.34330.188
MinimumVisualStudioVersion = 10.0.40219.1
Project("{FAE04EC0-301F-11D3-BF4B-00C04F79EFBC}") = "12 - Hot Springs", "12 - Hot Springs.csproj", "{2DD62079-2FC8-4333-8BB5-B3D0BBB08BD3}"
EndProject
Global
	GlobalSection(SolutionConfigurationPlatforms) = preSolution
		Debug|Any CPU = Debug|Any CPU
		Release|Any CPU = Release|Any CPU
	EndGlobalSection
	GlobalSection(ProjectConfigurationPlatforms) = postSolution
		{2DD62079-2FC8-4333-8BB5-B3D0BBB08BD3}.Debug|Any CPU.ActiveCfg = Debug|Any CPU
		{2DD62079-2FC8-4333-8BB5-B3D0BBB08BD3}.Debug|Any CPU.Build.0 = Debug|Any CPU
		{2DD62079-2FC8-4333-8BB5-B3D0BBB08BD3}.Release|Any CPU.ActiveCfg = Release|Any CPU
		{2DD62079-2FC8-4333-8BB5-B3D0BBB08BD3}.Release|Any CPU.Build.0 = Release|Any CPU
	EndGlobalSection
	GlobalSection(SolutionProperties) = preSolution
		HideSolutionNode = FALSE
	EndGlobalSection
	GlobalSection(ExtensibilityGlobals) = postSolution
		SolutionGuid = {BB8D9C5D-F34D-4F28-A2C9-4E4600B41A86}
	EndGlobalSection
EndGlobal
