
Microsoft Visual Studio Solution File, Format Version 12.00
# Visual Studio Version 17
VisualStudioVersion = 17.8.34309.116
MinimumVisualStudioVersion = 10.0.40219.1
Project("{FAE04EC0-301F-11D3-BF4B-00C04F79EFBC}") = "6", "6.csproj", "{646CF3EB-24D5-400F-B2DA-A00E416BAB04}"
EndProject
Global
	GlobalSection(SolutionConfigurationPlatforms) = preSolution
		Debug|Any CPU = Debug|Any CPU
		Release|Any CPU = Release|Any CPU
	EndGlobalSection
	GlobalSection(ProjectConfigurationPlatforms) = postSolution
		{646CF3EB-24D5-400F-B2DA-A00E416BAB04}.Debug|Any CPU.ActiveCfg = Debug|Any CPU
		{646CF3EB-24D5-400F-B2DA-A00E416BAB04}.Debug|Any CPU.Build.0 = Debug|Any CPU
		{646CF3EB-24D5-400F-B2DA-A00E416BAB04}.Release|Any CPU.ActiveCfg = Release|Any CPU
		{646CF3EB-24D5-400F-B2DA-A00E416BAB04}.Release|Any CPU.Build.0 = Release|Any CPU
	EndGlobalSection
	GlobalSection(SolutionProperties) = preSolution
		HideSolutionNode = FALSE
	EndGlobalSection
	GlobalSection(ExtensibilityGlobals) = postSolution
		SolutionGuid = {C7904B9D-F75B-4364-9EEF-6254F5E67DA7}
	EndGlobalSection
EndGlobal
