
Microsoft Visual Studio Solution File, Format Version 12.00
# Visual Studio Version 17
VisualStudioVersion = 17.8.34322.80
MinimumVisualStudioVersion = 10.0.40219.1
Project("{FAE04EC0-301F-11D3-BF4B-00C04F79EFBC}") = "4", "4.csproj", "{1D1B8B05-58BB-4836-A4B0-966302A41C7F}"
EndProject
Global
	GlobalSection(SolutionConfigurationPlatforms) = preSolution
		Debug|Any CPU = Debug|Any CPU
		Release|Any CPU = Release|Any CPU
	EndGlobalSection
	GlobalSection(ProjectConfigurationPlatforms) = postSolution
		{1D1B8B05-58BB-4836-A4B0-966302A41C7F}.Debug|Any CPU.ActiveCfg = Debug|Any CPU
		{1D1B8B05-58BB-4836-A4B0-966302A41C7F}.Debug|Any CPU.Build.0 = Debug|Any CPU
		{1D1B8B05-58BB-4836-A4B0-966302A41C7F}.Release|Any CPU.ActiveCfg = Release|Any CPU
		{1D1B8B05-58BB-4836-A4B0-966302A41C7F}.Release|Any CPU.Build.0 = Release|Any CPU
	EndGlobalSection
	GlobalSection(SolutionProperties) = preSolution
		HideSolutionNode = FALSE
	EndGlobalSection
	GlobalSection(ExtensibilityGlobals) = postSolution
		SolutionGuid = {8D902DC2-36C4-4730-A6F3-59E3BEB9131F}
	EndGlobalSection
EndGlobal
