
Microsoft Visual Studio Solution File, Format Version 12.00
# Visual Studio Version 17
VisualStudioVersion = 17.8.34330.188
MinimumVisualStudioVersion = 10.0.40219.1
Project("{FAE04EC0-301F-11D3-BF4B-00C04F79EFBC}") = "23 - Figeholm", "23 - Figeholm.csproj", "{AF30D876-6EF4-4449-8C8A-96C735894A75}"
EndProject
Global
	GlobalSection(SolutionConfigurationPlatforms) = preSolution
		Debug|Any CPU = Debug|Any CPU
		Release|Any CPU = Release|Any CPU
	EndGlobalSection
	GlobalSection(ProjectConfigurationPlatforms) = postSolution
		{AF30D876-6EF4-4449-8C8A-96C735894A75}.Debug|Any CPU.ActiveCfg = Debug|Any CPU
		{AF30D876-6EF4-4449-8C8A-96C735894A75}.Debug|Any CPU.Build.0 = Debug|Any CPU
		{AF30D876-6EF4-4449-8C8A-96C735894A75}.Release|Any CPU.ActiveCfg = Release|Any CPU
		{AF30D876-6EF4-4449-8C8A-96C735894A75}.Release|Any CPU.Build.0 = Release|Any CPU
	EndGlobalSection
	GlobalSection(SolutionProperties) = preSolution
		HideSolutionNode = FALSE
	EndGlobalSection
	GlobalSection(ExtensibilityGlobals) = postSolution
		SolutionGuid = {63E9625D-0570-457F-BA03-04C38FD6DE8C}
	EndGlobalSection
EndGlobal
