
Microsoft Visual Studio Solution File, Format Version 12.00
# Visual Studio Version 17
VisualStudioVersion = 17.8.34309.116
MinimumVisualStudioVersion = 10.0.40219.1
Project("{FAE04EC0-301F-11D3-BF4B-00C04F79EFBC}") = "10", "10.csproj", "{CE94D7C7-0BB5-43CE-BEE3-F2AE36FF8E63}"
EndProject
Global
	GlobalSection(SolutionConfigurationPlatforms) = preSolution
		Debug|Any CPU = Debug|Any CPU
		Release|Any CPU = Release|Any CPU
	EndGlobalSection
	GlobalSection(ProjectConfigurationPlatforms) = postSolution
		{CE94D7C7-0BB5-43CE-BEE3-F2AE36FF8E63}.Debug|Any CPU.ActiveCfg = Debug|Any CPU
		{CE94D7C7-0BB5-43CE-BEE3-F2AE36FF8E63}.Debug|Any CPU.Build.0 = Debug|Any CPU
		{CE94D7C7-0BB5-43CE-BEE3-F2AE36FF8E63}.Release|Any CPU.ActiveCfg = Release|Any CPU
		{CE94D7C7-0BB5-43CE-BEE3-F2AE36FF8E63}.Release|Any CPU.Build.0 = Release|Any CPU
	EndGlobalSection
	GlobalSection(SolutionProperties) = preSolution
		HideSolutionNode = FALSE
	EndGlobalSection
	GlobalSection(ExtensibilityGlobals) = postSolution
		SolutionGuid = {2C213FC5-B70C-46E7-8969-9DB56A4036A6}
	EndGlobalSection
EndGlobal
