
Microsoft Visual Studio Solution File, Format Version 12.00
# Visual Studio Version 17
VisualStudioVersion = 17.8.34309.116
MinimumVisualStudioVersion = 10.0.40219.1
Project("{FAE04EC0-301F-11D3-BF4B-00C04F79EFBC}") = "24 - Julklappsspelet", "24 - Julklappsspelet.csproj", "{8067F303-D482-42D2-9781-E2841C0ED344}"
EndProject
Global
	GlobalSection(SolutionConfigurationPlatforms) = preSolution
		Debug|Any CPU = Debug|Any CPU
		Release|Any CPU = Release|Any CPU
	EndGlobalSection
	GlobalSection(ProjectConfigurationPlatforms) = postSolution
		{8067F303-D482-42D2-9781-E2841C0ED344}.Debug|Any CPU.ActiveCfg = Debug|Any CPU
		{8067F303-D482-42D2-9781-E2841C0ED344}.Debug|Any CPU.Build.0 = Debug|Any CPU
		{8067F303-D482-42D2-9781-E2841C0ED344}.Release|Any CPU.ActiveCfg = Release|Any CPU
		{8067F303-D482-42D2-9781-E2841C0ED344}.Release|Any CPU.Build.0 = Release|Any CPU
	EndGlobalSection
	GlobalSection(SolutionProperties) = preSolution
		HideSolutionNode = FALSE
	EndGlobalSection
	GlobalSection(ExtensibilityGlobals) = postSolution
		SolutionGuid = {C9D3E5BA-5CDF-4253-A408-F0832F25F09C}
	EndGlobalSection
EndGlobal
